
Microsoft Visual Studio Solution File, Format Version 12.00
# Visual Studio Version 17
VisualStudioVersion = 17.2.32630.192
MinimumVisualStudioVersion = 10.0.40219.1
Project("{FAE04EC0-301F-11D3-BF4B-00C04F79EFBC}") = "TutorialsEU_TinyDiscordBot", "TutorialsEU_TinyDiscordBot.csproj", "{358FEDE7-3380-467F-8AEC-DF578AEA1DEA}"
EndProject
Global
	GlobalSection(SolutionConfigurationPlatforms) = preSolution
		Debug|Any CPU = Debug|Any CPU
		Release|Any CPU = Release|Any CPU
	EndGlobalSection
	GlobalSection(ProjectConfigurationPlatforms) = postSolution
		{358FEDE7-3380-467F-8AEC-DF578AEA1DEA}.Debug|Any CPU.ActiveCfg = Debug|Any CPU
		{358FEDE7-3380-467F-8AEC-DF578AEA1DEA}.Debug|Any CPU.Build.0 = Debug|Any CPU
		{358FEDE7-3380-467F-8AEC-DF578AEA1DEA}.Release|Any CPU.ActiveCfg = Release|Any CPU
		{358FEDE7-3380-467F-8AEC-DF578AEA1DEA}.Release|Any CPU.Build.0 = Release|Any CPU
	EndGlobalSection
	GlobalSection(SolutionProperties) = preSolution
		HideSolutionNode = FALSE
	EndGlobalSection
	GlobalSection(ExtensibilityGlobals) = postSolution
		SolutionGuid = {880BE1EF-04F3-4E86-AF87-BCA691CBDC65}
	EndGlobalSection
EndGlobal
